
Microsoft Visual Studio Solution File, Format Version 12.00
# Visual Studio Version 17
VisualStudioVersion = 17.5.33627.172
MinimumVisualStudioVersion = 10.0.40219.1
Project("{9A19103F-16F7-4668-BE54-9A1E7A4F7556}") = "Oncogenes.Domain", "Oncogenes.Domain\Oncogenes.Domain.csproj", "{C775D9E1-4672-45FE-8728-210A80F0A803}"
EndProject
Project("{9A19103F-16F7-4668-BE54-9A1E7A4F7556}") = "Oncogenes.App", "Oncogenes.App\Oncogenes.App.csproj", "{58AD5D55-44A4-49D5-9261-309C7FB61E12}"
EndProject
Project("{9A19103F-16F7-4668-BE54-9A1E7A4F7556}") = "Oncogenes.Api", "Oncogenes.Api\Oncogenes.Api.csproj", "{B6FB4538-80EA-42A4-A860-0E6AC7AC92B5}"
EndProject
Project("{9A19103F-16F7-4668-BE54-9A1E7A4F7556}") = "Oncogenes.DAL", "Oncogenes.DAL\Oncogenes.DAL.csproj", "{16B3CF67-9DDF-4EF3-BB34-E2AA69022605}"
EndProject
Global
	GlobalSection(SolutionConfigurationPlatforms) = preSolution
		Debug|Any CPU = Debug|Any CPU
		Release|Any CPU = Release|Any CPU
	EndGlobalSection
	GlobalSection(ProjectConfigurationPlatforms) = postSolution
		{C775D9E1-4672-45FE-8728-210A80F0A803}.Debug|Any CPU.ActiveCfg = Debug|Any CPU
		{C775D9E1-4672-45FE-8728-210A80F0A803}.Debug|Any CPU.Build.0 = Debug|Any CPU
		{C775D9E1-4672-45FE-8728-210A80F0A803}.Release|Any CPU.ActiveCfg = Release|Any CPU
		{C775D9E1-4672-45FE-8728-210A80F0A803}.Release|Any CPU.Build.0 = Release|Any CPU
		{58AD5D55-44A4-49D5-9261-309C7FB61E12}.Debug|Any CPU.ActiveCfg = Debug|Any CPU
		{58AD5D55-44A4-49D5-9261-309C7FB61E12}.Debug|Any CPU.Build.0 = Debug|Any CPU
		{58AD5D55-44A4-49D5-9261-309C7FB61E12}.Release|Any CPU.ActiveCfg = Release|Any CPU
		{58AD5D55-44A4-49D5-9261-309C7FB61E12}.Release|Any CPU.Build.0 = Release|Any CPU
		{B6FB4538-80EA-42A4-A860-0E6AC7AC92B5}.Debug|Any CPU.ActiveCfg = Debug|Any CPU
		{B6FB4538-80EA-42A4-A860-0E6AC7AC92B5}.Debug|Any CPU.Build.0 = Debug|Any CPU
		{B6FB4538-80EA-42A4-A860-0E6AC7AC92B5}.Release|Any CPU.ActiveCfg = Release|Any CPU
		{B6FB4538-80EA-42A4-A860-0E6AC7AC92B5}.Release|Any CPU.Build.0 = Release|Any CPU
		{16B3CF67-9DDF-4EF3-BB34-E2AA69022605}.Debug|Any CPU.ActiveCfg = Debug|Any CPU
		{16B3CF67-9DDF-4EF3-BB34-E2AA69022605}.Debug|Any CPU.Build.0 = Debug|Any CPU
		{16B3CF67-9DDF-4EF3-BB34-E2AA69022605}.Release|Any CPU.ActiveCfg = Release|Any CPU
		{16B3CF67-9DDF-4EF3-BB34-E2AA69022605}.Release|Any CPU.Build.0 = Release|Any CPU
	EndGlobalSection
	GlobalSection(SolutionProperties) = preSolution
		HideSolutionNode = FALSE
	EndGlobalSection
	GlobalSection(ExtensibilityGlobals) = postSolution
		SolutionGuid = {169AC5DD-EDD4-44ED-B55D-A465EAD5D524}
	EndGlobalSection
EndGlobal
